
Microsoft Visual Studio Solution File, Format Version 12.00
# Visual Studio Version 17
VisualStudioVersion = 17.9.34728.123
MinimumVisualStudioVersion = 10.0.40219.1
Project("{9A19103F-16F7-4668-BE54-9A1E7A4F7556}") = "MeterReadingAPI", "MeterReadingAPI\MeterReadingAPI.csproj", "{4FDEE0FF-1D5D-467C-955A-26297AD80D79}"
EndProject
Project("{FAE04EC0-301F-11D3-BF4B-00C04F79EFBC}") = "MeterReadingAPI.Test", "MeterReadingAPI.Test\MeterReadingAPI.Test.csproj", "{D0D6BACF-2119-4448-8CC6-5FBA467B24A8}"
EndProject
Global
	GlobalSection(SolutionConfigurationPlatforms) = preSolution
		Debug|Any CPU = Debug|Any CPU
		Release|Any CPU = Release|Any CPU
	EndGlobalSection
	GlobalSection(ProjectConfigurationPlatforms) = postSolution
		{4FDEE0FF-1D5D-467C-955A-26297AD80D79}.Debug|Any CPU.ActiveCfg = Debug|Any CPU
		{4FDEE0FF-1D5D-467C-955A-26297AD80D79}.Debug|Any CPU.Build.0 = Debug|Any CPU
		{4FDEE0FF-1D5D-467C-955A-26297AD80D79}.Release|Any CPU.ActiveCfg = Release|Any CPU
		{4FDEE0FF-1D5D-467C-955A-26297AD80D79}.Release|Any CPU.Build.0 = Release|Any CPU
		{D0D6BACF-2119-4448-8CC6-5FBA467B24A8}.Debug|Any CPU.ActiveCfg = Debug|Any CPU
		{D0D6BACF-2119-4448-8CC6-5FBA467B24A8}.Debug|Any CPU.Build.0 = Debug|Any CPU
		{D0D6BACF-2119-4448-8CC6-5FBA467B24A8}.Release|Any CPU.ActiveCfg = Release|Any CPU
		{D0D6BACF-2119-4448-8CC6-5FBA467B24A8}.Release|Any CPU.Build.0 = Release|Any CPU
	EndGlobalSection
	GlobalSection(SolutionProperties) = preSolution
		HideSolutionNode = FALSE
	EndGlobalSection
	GlobalSection(ExtensibilityGlobals) = postSolution
		SolutionGuid = {55DB6629-A12B-4560-9E8F-B98C457670EB}
	EndGlobalSection
EndGlobal
